PODS:
  - JLLog (0.2.0):
    - SVProgressHUD
  - SVProgressHUD (2.2.5)

DEPENDENCIES:
  - JLLog (from `JLLog`)

SPEC REPOS:
  trunk:
    - SVProgressHUD

EXTERNAL SOURCES:
  JLLog:
    :path: JLLog

SPEC CHECKSUMS:
  JLLog: d213025c045280688e417c5b77fdcd2e55d9bf3e
  SVProgressHUD: 1428aafac632c1f86f62aa4243ec12008d7a51d6

PODFILE CHECKSUM: 4c39560626226e747e6162977032812f1f8c3fc2

COCOAPODS: 1.9.3
