// !$*UTF8*$!
{
	archiveVersion = 1;
	classes = {
	};
	objectVersion = 51;
	objects = {

/* Begin PBXBuildFile section */
		85AB02C7C651DE28D6135420 /* Pods_JLLogDemo.framework in Frameworks */ = {isa = PBXBuildFile; fileRef = 25C0B1AFF37457E621471EE0 /* Pods_JLLogDemo.framework */; };
		911ADB7E255D49DB000EA851 /* AppDelegate.m in Sources */ = {isa = PBXBuildFile; fileRef = 911ADB7D255D49DB000EA851 /* AppDelegate.m */; };
		911ADB81255D49DB000EA851 /* SceneDelegate.m in Sources */ = {isa = PBXBuildFile; fileRef = 911ADB80255D49DB000EA851 /* SceneDelegate.m */; };
		911ADB84255D49DB000EA851 /* ViewController.m in Sources */ = {isa = PBXBuildFile; fileRef = 911ADB83255D49DB000EA851 /* ViewController.m */; };
		911ADB87255D49DB000EA851 /* Main.storyboard in Resources */ = {isa = PBXBuildFile; fileRef = 911ADB85255D49DB000EA851 /* Main.storyboard */; };
		911ADB89255D49DC000EA851 /* Assets.xcassets in Resources */ = {isa = PBXBuildFile; fileRef = 911ADB88255D49DC000EA851 /* Assets.xcassets */; };
		911ADB8C255D49DC000EA851 /* LaunchScreen.storyboard in Resources */ = {isa = PBXBuildFile; fileRef = 911ADB8A255D49DC000EA851 /* LaunchScreen.storyboard */; };
		911ADB8F255D49DC000EA851 /* main.m in Sources */ = {isa = PBXBuildFile; fileRef = 911ADB8E255D49DC000EA851 /* main.m */; };
		911ADB99255D49DC000EA851 /* JLLogDemoTests.m in Sources */ = {isa = PBXBuildFile; fileRef = 911ADB98255D49DC000EA851 /* JLLogDemoTests.m */; };
		911ADBA4255D49DC000EA851 /* JLLogDemoUITests.m in Sources */ = {isa = PBXBuildFile; fileRef = 911ADBA3255D49DC000EA851 /* JLLogDemoUITests.m */; };
		B194BAD19C3DFC9C3AECE15D /* Pods_JLLogDemoTests.framework in Frameworks */ = {isa = PBXBuildFile; fileRef = 8E9A32BB09CD732DFB90A6CA /* Pods_JLLogDemoTests.framework */; };
		F1D7C65ADE9A33EE2D7F1E77 /* Pods_JLLogDemo_JLLogDemoUITests.framework in Frameworks */ = {isa = PBXBuildFile; fileRef = B982323DCB0E62625B061672 /* Pods_JLLogDemo_JLLogDemoUITests.framework */; };
/* End PBXBuildFile section */

/* Begin PBXContainerItemProxy section */
		911ADB95255D49DC000EA851 /* PBXContainerItemProxy */ = {
			isa = PBXContainerItemProxy;
			containerPortal = 911ADB71255D49DB000EA851 /* Project object */;
			proxyType = 1;
			remoteGlobalIDString = 911ADB78255D49DB000EA851;
			remoteInfo = JLLogDemo;
		};
		911ADBA0255D49DC000EA851 /* PBXContainerItemProxy */ = {
			isa = PBXContainerItemProxy;
			containerPortal = 911ADB71255D49DB000EA851 /* Project object */;
			proxyType = 1;
			remoteGlobalIDString = 911ADB78255D49DB000EA851;
			remoteInfo = JLLogDemo;
		};
/* End PBXContainerItemProxy section */

/* Begin PBXFileReference section */
		1CBC69E54318EAE2D7F62365 /* Pods-JLLogDemo-JLLogDemoUITests.release.xcconfig */ = {isa = PBXFileReference; includeInIndex = 1; lastKnownFileType = text.xcconfig; name = "Pods-JLLogDemo-JLLogDemoUITests.release.xcconfig"; path = "Target Support Files/Pods-JLLogDemo-JLLogDemoUITests/Pods-JLLogDemo-JLLogDemoUITests.release.xcconfig"; sourceTree = "<group>"; };
		25C0B1AFF37457E621471EE0 /* Pods_JLLogDemo.framework */ = {isa = PBXFileReference; explicitFileType = wrapper.framework; includeInIndex = 0; path = Pods_JLLogDemo.framework; sourceTree = BUILT_PRODUCTS_DIR; };
		2E5700BB074A4151F3FFDE19 /* Pods-JLLogDemo.debug.xcconfig */ = {isa = PBXFileReference; includeInIndex = 1; lastKnownFileType = text.xcconfig; name = "Pods-JLLogDemo.debug.xcconfig"; path = "Target Support Files/Pods-JLLogDemo/Pods-JLLogDemo.debug.xcconfig"; sourceTree = "<group>"; };
		6E181DDD87A0C97EBEAB4008 /* Pods-JLLogDemoTests.release.xcconfig */ = {isa = PBXFileReference; includeInIndex = 1; lastKnownFileType = text.xcconfig; name = "Pods-JLLogDemoTests.release.xcconfig"; path = "Target Support Files/Pods-JLLogDemoTests/Pods-JLLogDemoTests.release.xcconfig"; sourceTree = "<group>"; };
		8E9A32BB09CD732DFB90A6CA /* Pods_JLLogDemoTests.framework */ = {isa = PBXFileReference; explicitFileType = wrapper.framework; includeInIndex = 0; path = Pods_JLLogDemoTests.framework; sourceTree = BUILT_PRODUCTS_DIR; };
		911ADB79255D49DB000EA851 /* JLLogDemo.app */ = {isa = PBXFileReference; explicitFileType = wrapper.application; includeInIndex = 0; path = JLLogDemo.app; sourceTree = BUILT_PRODUCTS_DIR; };
		911ADB7C255D49DB000EA851 /* AppDelegate.h */ = {isa = PBXFileReference; lastKnownFileType = sourcecode.c.h; path = AppDelegate.h; sourceTree = "<group>"; };
		911ADB7D255D49DB000EA851 /* AppDelegate.m */ = {isa = PBXFileReference; lastKnownFileType = sourcecode.c.objc; path = AppDelegate.m; sourceTree = "<group>"; };
		911ADB7F255D49DB000EA851 /* SceneDelegate.h */ = {isa = PBXFileReference; lastKnownFileType = sourcecode.c.h; path = SceneDelegate.h; sourceTree = "<group>"; };
		911ADB80255D49DB000EA851 /* SceneDelegate.m */ = {isa = PBXFileReference; lastKnownFileType = sourcecode.c.objc; path = SceneDelegate.m; sourceTree = "<group>"; };
		911ADB82255D49DB000EA851 /* ViewController.h */ = {isa = PBXFileReference; lastKnownFileType = sourcecode.c.h; path = ViewController.h; sourceTree = "<group>"; };
		911ADB83255D49DB000EA851 /* ViewController.m */ = {isa = PBXFileReference; lastKnownFileType = sourcecode.c.objc; path = ViewController.m; sourceTree = "<group>"; };
		911ADB86255D49DB000EA851 /* Base */ = {isa = PBXFileReference; lastKnownFileType = file.storyboard; name = Base; path = Base.lproj/Main.storyboard; sourceTree = "<group>"; };
		911ADB88255D49DC000EA851 /* Assets.xcassets */ = {isa = PBXFileReference; lastKnownFileType = folder.assetcatalog; path = Assets.xcassets; sourceTree = "<group>"; };
		911ADB8B255D49DC000EA851 /* Base */ = {isa = PBXFileReference; lastKnownFileType = file.storyboard; name = Base; path = Base.lproj/LaunchScreen.storyboard; sourceTree = "<group>"; };
		911ADB8D255D49DC000EA851 /* Info.plist */ = {isa = PBXFileReference; lastKnownFileType = text.plist.xml; path = Info.plist; sourceTree = "<group>"; };
		911ADB8E255D49DC000EA851 /* main.m */ = {isa = PBXFileReference; lastKnownFileType = sourcecode.c.objc; path = main.m; sourceTree = "<group>"; };
		911ADB94255D49DC000EA851 /* JLLogDemoTests.xctest */ = {isa = PBXFileReference; explicitFileType = wrapper.cfbundle; includeInIndex = 0; path = JLLogDemoTests.xctest; sourceTree = BUILT_PRODUCTS_DIR; };
		911ADB98255D49DC000EA851 /* JLLogDemoTests.m */ = {isa = PBXFileReference; lastKnownFileType = sourcecode.c.objc; path = JLLogDemoTests.m; sourceTree = "<group>"; };
		911ADB9A255D49DC000EA851 /* Info.plist */ = {isa = PBXFileReference; lastKnownFileType = text.plist.xml; path = Info.plist; sourceTree = "<group>"; };
		911ADB9F255D49DC000EA851 /* JLLogDemoUITests.xctest */ = {isa = PBXFileReference; explicitFileType = wrapper.cfbundle; includeInIndex = 0; path = JLLogDemoUITests.xctest; sourceTree = BUILT_PRODUCTS_DIR; };
		911ADBA3255D49DC000EA851 /* JLLogDemoUITests.m */ = {isa = PBXFileReference; lastKnownFileType = sourcecode.c.objc; path = JLLogDemoUITests.m; sourceTree = "<group>"; };
		911ADBA5255D49DC000EA851 /* Info.plist */ = {isa = PBXFileReference; lastKnownFileType = text.plist.xml; path = Info.plist; sourceTree = "<group>"; };
		9AF509A55EB8DF4CF14F27CF /* Pods-JLLogDemo-JLLogDemoUITests.debug.xcconfig */ = {isa = PBXFileReference; includeInIndex = 1; lastKnownFileType = text.xcconfig; name = "Pods-JLLogDemo-JLLogDemoUITests.debug.xcconfig"; path = "Target Support Files/Pods-JLLogDemo-JLLogDemoUITests/Pods-JLLogDemo-JLLogDemoUITests.debug.xcconfig"; sourceTree = "<group>"; };
		B3FF6BB74FA5BD85B253C6EC /* Pods-JLLogDemoTests.debug.xcconfig */ = {isa = PBXFileReference; includeInIndex = 1; lastKnownFileType = text.xcconfig; name = "Pods-JLLogDemoTests.debug.xcconfig"; path = "Target Support Files/Pods-JLLogDemoTests/Pods-JLLogDemoTests.debug.xcconfig"; sourceTree = "<group>"; };
		B982323DCB0E62625B061672 /* Pods_JLLogDemo_JLLogDemoUITests.framework */ = {isa = PBXFileReference; explicitFileType = wrapper.framework; includeInIndex = 0; path = Pods_JLLogDemo_JLLogDemoUITests.framework; sourceTree = BUILT_PRODUCTS_DIR; };
		BB2BA729CBEB43AA95D6B58E /* Pods-JLLogDemo.release.xcconfig */ = {isa = PBXFileReference; includeInIndex = 1; lastKnownFileType = text.xcconfig; name = "Pods-JLLogDemo.release.xcconfig"; path = "Target Support Files/Pods-JLLogDemo/Pods-JLLogDemo.release.xcconfig"; sourceTree = "<group>"; };
/* End PBXFileReference section */

/* Begin PBXFrameworksBuildPhase section */
		911ADB76255D49DB000EA851 /* Frameworks */ = {
			isa = PBXFrameworksBuildPhase;
			buildActionMask = 2147483647;
			files = (
				85AB02C7C651DE28D6135420 /* Pods_JLLogDemo.framework in Frameworks */,
			);
			runOnlyForDeploymentPostprocessing = 0;
		};
		911ADB91255D49DC000EA851 /* Frameworks */ = {
			isa = PBXFrameworksBuildPhase;
			buildActionMask = 2147483647;
			files = (
				B194BAD19C3DFC9C3AECE15D /* Pods_JLLogDemoTests.framework in Frameworks */,
			);
			runOnlyForDeploymentPostprocessing = 0;
		};
		911ADB9C255D49DC000EA851 /* Frameworks */ = {
			isa = PBXFrameworksBuildPhase;
			buildActionMask = 2147483647;
			files = (
				F1D7C65ADE9A33EE2D7F1E77 /* Pods_JLLogDemo_JLLogDemoUITests.framework in Frameworks */,
			);
			runOnlyForDeploymentPostprocessing = 0;
		};
/* End PBXFrameworksBuildPhase section */

/* Begin PBXGroup section */
		0694875D5FFA74716D68CDB1 /* Pods */ = {
			isa = PBXGroup;
			children = (
				2E5700BB074A4151F3FFDE19 /* Pods-JLLogDemo.debug.xcconfig */,
				BB2BA729CBEB43AA95D6B58E /* Pods-JLLogDemo.release.xcconfig */,
				9AF509A55EB8DF4CF14F27CF /* Pods-JLLogDemo-JLLogDemoUITests.debug.xcconfig */,
				1CBC69E54318EAE2D7F62365 /* Pods-JLLogDemo-JLLogDemoUITests.release.xcconfig */,
				B3FF6BB74FA5BD85B253C6EC /* Pods-JLLogDemoTests.debug.xcconfig */,
				6E181DDD87A0C97EBEAB4008 /* Pods-JLLogDemoTests.release.xcconfig */,
			);
			path = Pods;
			sourceTree = "<group>";
		};
		25EE061F47A22BE855C9F9F5 /* Frameworks */ = {
			isa = PBXGroup;
			children = (
				25C0B1AFF37457E621471EE0 /* Pods_JLLogDemo.framework */,
				B982323DCB0E62625B061672 /* Pods_JLLogDemo_JLLogDemoUITests.framework */,
				8E9A32BB09CD732DFB90A6CA /* Pods_JLLogDemoTests.framework */,
			);
			name = Frameworks;
			sourceTree = "<group>";
		};
		911ADB70255D49DB000EA851 = {
			isa = PBXGroup;
			children = (
				911ADB7B255D49DB000EA851 /* JLLogDemo */,
				911ADB97255D49DC000EA851 /* JLLogDemoTests */,
				911ADBA2255D49DC000EA851 /* JLLogDemoUITests */,
				911ADB7A255D49DB000EA851 /* Products */,
				0694875D5FFA74716D68CDB1 /* Pods */,
				25EE061F47A22BE855C9F9F5 /* Frameworks */,
			);
			sourceTree = "<group>";
		};
		911ADB7A255D49DB000EA851 /* Products */ = {
			isa = PBXGroup;
			children = (
				911ADB79255D49DB000EA851 /* JLLogDemo.app */,
				911ADB94255D49DC000EA851 /* JLLogDemoTests.xctest */,
				911ADB9F255D49DC000EA851 /* JLLogDemoUITests.xctest */,
			);
			name = Products;
			sourceTree = "<group>";
		};
		911ADB7B255D49DB000EA851 /* JLLogDemo */ = {
			isa = PBXGroup;
			children = (
				911ADB7C255D49DB000EA851 /* AppDelegate.h */,
				911ADB7D255D49DB000EA851 /* AppDelegate.m */,
				911ADB7F255D49DB000EA851 /* SceneDelegate.h */,
				911ADB80255D49DB000EA851 /* SceneDelegate.m */,
				911ADB82255D49DB000EA851 /* ViewController.h */,
				911ADB83255D49DB000EA851 /* ViewController.m */,
				911ADB85255D49DB000EA851 /* Main.storyboard */,
				911ADB88255D49DC000EA851 /* Assets.xcassets */,
				911ADB8A255D49DC000EA851 /* LaunchScreen.storyboard */,
				911ADB8D255D49DC000EA851 /* Info.plist */,
				911ADB8E255D49DC000EA851 /* main.m */,
			);
			path = JLLogDemo;
			sourceTree = "<group>";
		};
		911ADB97255D49DC000EA851 /* JLLogDemoTests */ = {
			isa = PBXGroup;
			children = (
				911ADB98255D49DC000EA851 /* JLLogDemoTests.m */,
				911ADB9A255D49DC000EA851 /* Info.plist */,
			);
			path = JLLogDemoTests;
			sourceTree = "<group>";
		};
		911ADBA2255D49DC000EA851 /* JLLogDemoUITests */ = {
			isa = PBXGroup;
			children = (
				911ADBA3255D49DC000EA851 /* JLLogDemoUITests.m */,
				911ADBA5255D49DC000EA851 /* Info.plist */,
			);
			path = JLLogDemoUITests;
			sourceTree = "<group>";
		};
/* End PBXGroup section */

/* Begin PBXNativeTarget section */
		911ADB78255D49DB000EA851 /* JLLogDemo */ = {
			isa = PBXNativeTarget;
			buildConfigurationList = 911ADBA8255D49DC000EA851 /* Build configuration list for PBXNativeTarget "JLLogDemo" */;
			buildPhases = (
				8D1798174839B8595CCED60C /* [CP] Check Pods Manifest.lock */,
				911ADB75255D49DB000EA851 /* Sources */,
				911ADB76255D49DB000EA851 /* Frameworks */,
				911ADB77255D49DB000EA851 /* Resources */,
				C7E59656CD8FBB5B8369BA9D /* [CP] Embed Pods Frameworks */,
			);
			buildRules = (
			);
			dependencies = (
			);
			name = JLLogDemo;
			productName = JLLogDemo;
			productReference = 911ADB79255D49DB000EA851 /* JLLogDemo.app */;
			productType = "com.apple.product-type.application";
		};
		911ADB93255D49DC000EA851 /* JLLogDemoTests */ = {
			isa = PBXNativeTarget;
			buildConfigurationList = 911ADBAB255D49DC000EA851 /* Build configuration list for PBXNativeTarget "JLLogDemoTests" */;
			buildPhases = (
				A5EC4C679605C59D8D476EC7 /* [CP] Check Pods Manifest.lock */,
				911ADB90255D49DC000EA851 /* Sources */,
				911ADB91255D49DC000EA851 /* Frameworks */,
				911ADB92255D49DC000EA851 /* Resources */,
			);
			buildRules = (
			);
			dependencies = (
				911ADB96255D49DC000EA851 /* PBXTargetDependency */,
			);
			name = JLLogDemoTests;
			productName = JLLogDemoTests;
			productReference = 911ADB94255D49DC000EA851 /* JLLogDemoTests.xctest */;
			productType = "com.apple.product-type.bundle.unit-test";
		};
		911ADB9E255D49DC000EA851 /* JLLogDemoUITests */ = {
			isa = PBXNativeTarget;
			buildConfigurationList = 911ADBAE255D49DC000EA851 /* Build configuration list for PBXNativeTarget "JLLogDemoUITests" */;
			buildPhases = (
				F1C0A5C579100BC1B895BE1A /* [CP] Check Pods Manifest.lock */,
				911ADB9B255D49DC000EA851 /* Sources */,
				911ADB9C255D49DC000EA851 /* Frameworks */,
				911ADB9D255D49DC000EA851 /* Resources */,
				1CCA1F7362599D41E71D2A95 /* [CP] Embed Pods Frameworks */,
			);
			buildRules = (
			);
			dependencies = (
				911ADBA1255D49DC000EA851 /* PBXTargetDependency */,
			);
			name = JLLogDemoUITests;
			productName = JLLogDemoUITests;
			productReference = 911ADB9F255D49DC000EA851 /* JLLogDemoUITests.xctest */;
			productType = "com.apple.product-type.bundle.ui-testing";
		};
/* End PBXNativeTarget section */

/* Begin PBXProject section */
		911ADB71255D49DB000EA851 /* Project object */ = {
			isa = PBXProject;
			attributes = {
				LastUpgradeCheck = 1210;
				TargetAttributes = {
					911ADB78255D49DB000EA851 = {
						CreatedOnToolsVersion = 12.1;
					};
					911ADB93255D49DC000EA851 = {
						CreatedOnToolsVersion = 12.1;
						TestTargetID = 911ADB78255D49DB000EA851;
					};
					911ADB9E255D49DC000EA851 = {
						CreatedOnToolsVersion = 12.1;
						TestTargetID = 911ADB78255D49DB000EA851;
					};
				};
			};
			buildConfigurationList = 911ADB74255D49DB000EA851 /* Build configuration list for PBXProject "JLLogDemo" */;
			compatibilityVersion = "Xcode 9.3";
			developmentRegion = en;
			hasScannedForEncodings = 0;
			knownRegions = (
				en,
				Base,
			);
			mainGroup = 911ADB70255D49DB000EA851;
			productRefGroup = 911ADB7A255D49DB000EA851 /* Products */;
			projectDirPath = "";
			projectRoot = "";
			targets = (
				911ADB78255D49DB000EA851 /* JLLogDemo */,
				911ADB93255D49DC000EA851 /* JLLogDemoTests */,
				911ADB9E255D49DC000EA851 /* JLLogDemoUITests */,
			);
		};
/* End PBXProject section */

/* Begin PBXResourcesBuildPhase section */
		911ADB77255D49DB000EA851 /* Resources */ = {
			isa = PBXResourcesBuildPhase;
			buildActionMask = 2147483647;
			files = (
				911ADB8C255D49DC000EA851 /* LaunchScreen.storyboard in Resources */,
				911ADB89255D49DC000EA851 /* Assets.xcassets in Resources */,
				911ADB87255D49DB000EA851 /* Main.storyboard in Resources */,
			);
			runOnlyForDeploymentPostprocessing = 0;
		};
		911ADB92255D49DC000EA851 /* Resources */ = {
			isa = PBXResourcesBuildPhase;
			buildActionMask = 2147483647;
			files = (
			);
			runOnlyForDeploymentPostprocessing = 0;
		};
		911ADB9D255D49DC000EA851 /* Resources */ = {
			isa = PBXResourcesBuildPhase;
			buildActionMask = 2147483647;
			files = (
			);
			runOnlyForDeploymentPostprocessing = 0;
		};
/* End PBXResourcesBuildPhase section */

/* Begin PBXShellScriptBuildPhase section */
		1CCA1F7362599D41E71D2A95 /* [CP] Embed Pods Frameworks */ = {
			isa = PBXShellScriptBuildPhase;
			buildActionMask = 2147483647;
			files = (
			);
			inputFileListPaths = (
				"${PODS_ROOT}/Target Support Files/Pods-JLLogDemo-JLLogDemoUITests/Pods-JLLogDemo-JLLogDemoUITests-frameworks-${CONFIGURATION}-input-files.xcfilelist",
			);
			name = "[CP] Embed Pods Frameworks";
			outputFileListPaths = (
				"${PODS_ROOT}/Target Support Files/Pods-JLLogDemo-JLLogDemoUITests/Pods-JLLogDemo-JLLogDemoUITests-frameworks-${CONFIGURATION}-output-files.xcfilelist",
			);
			runOnlyForDeploymentPostprocessing = 0;
			shellPath = /bin/sh;
			shellScript = "\"${PODS_ROOT}/Target Support Files/Pods-JLLogDemo-JLLogDemoUITests/Pods-JLLogDemo-JLLogDemoUITests-frameworks.sh\"\n";
			showEnvVarsInLog = 0;
		};
		8D1798174839B8595CCED60C /* [CP] Check Pods Manifest.lock */ = {
			isa = PBXShellScriptBuildPhase;
			buildActionMask = 2147483647;
			files = (
			);
			inputFileListPaths = (
			);
			inputPaths = (
				"${PODS_PODFILE_DIR_PATH}/Podfile.lock",
				"${PODS_ROOT}/Manifest.lock",
			);
			name = "[CP] Check Pods Manifest.lock";
			outputFileListPaths = (
			);
			outputPaths = (
				"$(DERIVED_FILE_DIR)/Pods-JLLogDemo-checkManifestLockResult.txt",
			);
			runOnlyForDeploymentPostprocessing = 0;
			shellPath = /bin/sh;
			shellScript = "diff \"${PODS_PODFILE_DIR_PATH}/Podfile.lock\" \"${PODS_ROOT}/Manifest.lock\" > /dev/null\nif [ $? != 0 ] ; then\n    # print error to STDERR\n    echo \"error: The sandbox is not in sync with the Podfile.lock. Run 'pod install' or update your CocoaPods installation.\" >&2\n    exit 1\nfi\n# This output is used by Xcode 'outputs' to avoid re-running this script phase.\necho \"SUCCESS\" > \"${SCRIPT_OUTPUT_FILE_0}\"\n";
			showEnvVarsInLog = 0;
		};
		A5EC4C679605C59D8D476EC7 /* [CP] Check Pods Manifest.lock */ = {
			isa = PBXShellScriptBuildPhase;
			buildActionMask = 2147483647;
			files = (
			);
			inputFileListPaths = (
			);
			inputPaths = (
				"${PODS_PODFILE_DIR_PATH}/Podfile.lock",
				"${PODS_ROOT}/Manifest.lock",
			);
			name = "[CP] Check Pods Manifest.lock";
			outputFileListPaths = (
			);
			outputPaths = (
				"$(DERIVED_FILE_DIR)/Pods-JLLogDemoTests-checkManifestLockResult.txt",
			);
			runOnlyForDeploymentPostprocessing = 0;
			shellPath = /bin/sh;
			shellScript = "diff \"${PODS_PODFILE_DIR_PATH}/Podfile.lock\" \"${PODS_ROOT}/Manifest.lock\" > /dev/null\nif [ $? != 0 ] ; then\n    # print error to STDERR\n    echo \"error: The sandbox is not in sync with the Podfile.lock. Run 'pod install' or update your CocoaPods installation.\" >&2\n    exit 1\nfi\n# This output is used by Xcode 'outputs' to avoid re-running this script phase.\necho \"SUCCESS\" > \"${SCRIPT_OUTPUT_FILE_0}\"\n";
			showEnvVarsInLog = 0;
		};
		C7E59656CD8FBB5B8369BA9D /* [CP] Embed Pods Frameworks */ = {
			isa = PBXShellScriptBuildPhase;
			buildActionMask = 2147483647;
			files = (
			);
			inputFileListPaths = (
				"${PODS_ROOT}/Target Support Files/Pods-JLLogDemo/Pods-JLLogDemo-frameworks-${CONFIGURATION}-input-files.xcfilelist",
			);
			name = "[CP] Embed Pods Frameworks";
			outputFileListPaths = (
				"${PODS_ROOT}/Target Support Files/Pods-JLLogDemo/Pods-JLLogDemo-frameworks-${CONFIGURATION}-output-files.xcfilelist",
			);
			runOnlyForDeploymentPostprocessing = 0;
			shellPath = /bin/sh;
			shellScript = "\"${PODS_ROOT}/Target Support Files/Pods-JLLogDemo/Pods-JLLogDemo-frameworks.sh\"\n";
			showEnvVarsInLog = 0;
		};
		F1C0A5C579100BC1B895BE1A /* [CP] Check Pods Manifest.lock */ = {
			isa = PBXShellScriptBuildPhase;
			buildActionMask = 2147483647;
			files = (
			);
			inputFileListPaths = (
			);
			inputPaths = (
				"${PODS_PODFILE_DIR_PATH}/Podfile.lock",
				"${PODS_ROOT}/Manifest.lock",
			);
			name = "[CP] Check Pods Manifest.lock";
			outputFileListPaths = (
			);
			outputPaths = (
				"$(DERIVED_FILE_DIR)/Pods-JLLogDemo-JLLogDemoUITests-checkManifestLockResult.txt",
			);
			runOnlyForDeploymentPostprocessing = 0;
			shellPath = /bin/sh;
			shellScript = "diff \"${PODS_PODFILE_DIR_PATH}/Podfile.lock\" \"${PODS_ROOT}/Manifest.lock\" > /dev/null\nif [ $? != 0 ] ; then\n    # print error to STDERR\n    echo \"error: The sandbox is not in sync with the Podfile.lock. Run 'pod install' or update your CocoaPods installation.\" >&2\n    exit 1\nfi\n# This output is used by Xcode 'outputs' to avoid re-running this script phase.\necho \"SUCCESS\" > \"${SCRIPT_OUTPUT_FILE_0}\"\n";
			showEnvVarsInLog = 0;
		};
/* End PBXShellScriptBuildPhase section */

/* Begin PBXSourcesBuildPhase section */
		911ADB75255D49DB000EA851 /* Sources */ = {
			isa = PBXSourcesBuildPhase;
			buildActionMask = 2147483647;
			files = (
				911ADB84255D49DB000EA851 /* ViewController.m in Sources */,
				911ADB7E255D49DB000EA851 /* AppDelegate.m in Sources */,
				911ADB8F255D49DC000EA851 /* main.m in Sources */,
				911ADB81255D49DB000EA851 /* SceneDelegate.m in Sources */,
			);
			runOnlyForDeploymentPostprocessing = 0;
		};
		911ADB90255D49DC000EA851 /* Sources */ = {
			isa = PBXSourcesBuildPhase;
			buildActionMask = 2147483647;
			files = (
				911ADB99255D49DC000EA851 /* JLLogDemoTests.m in Sources */,
			);
			runOnlyForDeploymentPostprocessing = 0;
		};
		911ADB9B255D49DC000EA851 /* Sources */ = {
			isa = PBXSourcesBuildPhase;
			buildActionMask = 2147483647;
			files = (
				911ADBA4255D49DC000EA851 /* JLLogDemoUITests.m in Sources */,
			);
			runOnlyForDeploymentPostprocessing = 0;
		};
/* End PBXSourcesBuildPhase section */

/* Begin PBXTargetDependency section */
		911ADB96255D49DC000EA851 /* PBXTargetDependency */ = {
			isa = PBXTargetDependency;
			target = 911ADB78255D49DB000EA851 /* JLLogDemo */;
			targetProxy = 911ADB95255D49DC000EA851 /* PBXContainerItemProxy */;
		};
		911ADBA1255D49DC000EA851 /* PBXTargetDependency */ = {
			isa = PBXTargetDependency;
			target = 911ADB78255D49DB000EA851 /* JLLogDemo */;
			targetProxy = 911ADBA0255D49DC000EA851 /* PBXContainerItemProxy */;
		};
/* End PBXTargetDependency section */

/* Begin PBXVariantGroup section */
		911ADB85255D49DB000EA851 /* Main.storyboard */ = {
			isa = PBXVariantGroup;
			children = (
				911ADB86255D49DB000EA851 /* Base */,
			);
			name = Main.storyboard;
			sourceTree = "<group>";
		};
		911ADB8A255D49DC000EA851 /* LaunchScreen.storyboard */ = {
			isa = PBXVariantGroup;
			children = (
				911ADB8B255D49DC000EA851 /* Base */,
			);
			name = LaunchScreen.storyboard;
			sourceTree = "<group>";
		};
/* End PBXVariantGroup section */

/* Begin XCBuildConfiguration section */
		911ADBA6255D49DC000EA851 /* Debug */ = {
			isa = XCBuildConfiguration;
			buildSettings = {
				ALWAYS_SEARCH_USER_PATHS = NO;
				CLANG_ANALYZER_NONNULL = YES;
				CLANG_ANALYZER_NUMBER_OBJECT_CONVERSION = YES_AGGRESSIVE;
				CLANG_CXX_LANGUAGE_STANDARD = "gnu++14";
				CLANG_CXX_LIBRARY = "libc++";
				CLANG_ENABLE_MODULES = YES;
				CLANG_ENABLE_OBJC_ARC = YES;
				CLANG_ENABLE_OBJC_WEAK = YES;
				CLANG_WARN_BLOCK_CAPTURE_AUTORELEASING = YES;
				CLANG_WARN_BOOL_CONVERSION = YES;
				CLANG_WARN_COMMA = YES;
				CLANG_WARN_CONSTANT_CONVERSION = YES;
				CLANG_WARN_DEPRECATED_OBJC_IMPLEMENTATIONS = YES;
				CLANG_WARN_DIRECT_OBJC_ISA_USAGE = YES_ERROR;
				CLANG_WARN_DOCUMENTATION_COMMENTS = YES;
				CLANG_WARN_EMPTY_BODY = YES;
				CLANG_WARN_ENUM_CONVERSION = YES;
				CLANG_WARN_INFINITE_RECURSION = YES;
				CLANG_WARN_INT_CONVERSION = YES;
				CLANG_WARN_NON_LITERAL_NULL_CONVERSION = YES;
				CLANG_WARN_OBJC_IMPLICIT_RETAIN_SELF = YES;
				CLANG_WARN_OBJC_LITERAL_CONVERSION = YES;
				CLANG_WARN_OBJC_ROOT_CLASS = YES_ERROR;
				CLANG_WARN_QUOTED_INCLUDE_IN_FRAMEWORK_HEADER = YES;
				CLANG_WARN_RANGE_LOOP_ANALYSIS = YES;
				CLANG_WARN_STRICT_PROTOTYPES = YES;
				CLANG_WARN_SUSPICIOUS_MOVE = YES;
				CLANG_WARN_UNGUARDED_AVAILABILITY = YES_AGGRESSIVE;
				CLANG_WARN_UNREACHABLE_CODE = YES;
				CLANG_WARN__DUPLICATE_METHOD_MATCH = YES;
				COPY_PHASE_STRIP = NO;
				DEBUG_INFORMATION_FORMAT = dwarf;
				ENABLE_STRICT_OBJC_MSGSEND = YES;
				ENABLE_TESTABILITY = YES;
				GCC_C_LANGUAGE_STANDARD = gnu11;
				GCC_DYNAMIC_NO_PIC = NO;
				GCC_NO_COMMON_BLOCKS = YES;
				GCC_OPTIMIZATION_LEVEL = 0;
				GCC_PREPROCESSOR_DEFINITIONS = (
					"DEBUG=1",
					"$(inherited)",
				);
				GCC_WARN_64_TO_32_BIT_CONVERSION = YES;
				GCC_WARN_ABOUT_RETURN_TYPE = YES_ERROR;
				GCC_WARN_UNDECLARED_SELECTOR = YES;
				GCC_WARN_UNINITIALIZED_AUTOS = YES_AGGRESSIVE;
				GCC_WARN_UNUSED_FUNCTION = YES;
				GCC_WARN_UNUSED_VARIABLE = YES;
				IPHONEOS_DEPLOYMENT_TARGET = 14.1;
				MTL_ENABLE_DEBUG_INFO = INCLUDE_SOURCE;
				MTL_FAST_MATH = YES;
				ONLY_ACTIVE_ARCH = YES;
				SDKROOT = iphoneos;
			};
			name = Debug;
		};
		911ADBA7255D49DC000EA851 /* Release */ = {
			isa = XCBuildConfiguration;
			buildSettings = {
				ALWAYS_SEARCH_USER_PATHS = NO;
				CLANG_ANALYZER_NONNULL = YES;
				CLANG_ANALYZER_NUMBER_OBJECT_CONVERSION = YES_AGGRESSIVE;
				CLANG_CXX_LANGUAGE_STANDARD = "gnu++14";
				CLANG_CXX_LIBRARY = "libc++";
				CLANG_ENABLE_MODULES = YES;
				CLANG_ENABLE_OBJC_ARC = YES;
				CLANG_ENABLE_OBJC_WEAK = YES;
				CLANG_WARN_BLOCK_CAPTURE_AUTORELEASING = YES;
				CLANG_WARN_BOOL_CONVERSION = YES;
				CLANG_WARN_COMMA = YES;
				CLANG_WARN_CONSTANT_CONVERSION = YES;
				CLANG_WARN_DEPRECATED_OBJC_IMPLEMENTATIONS = YES;
				CLANG_WARN_DIRECT_OBJC_ISA_USAGE = YES_ERROR;
				CLANG_WARN_DOCUMENTATION_COMMENTS = YES;
				CLANG_WARN_EMPTY_BODY = YES;
				CLANG_WARN_ENUM_CONVERSION = YES;
				CLANG_WARN_INFINITE_RECURSION = YES;
				CLANG_WARN_INT_CONVERSION = YES;
				CLANG_WARN_NON_LITERAL_NULL_CONVERSION = YES;
				CLANG_WARN_OBJC_IMPLICIT_RETAIN_SELF = YES;
				CLANG_WARN_OBJC_LITERAL_CONVERSION = YES;
				CLANG_WARN_OBJC_ROOT_CLASS = YES_ERROR;
				CLANG_WARN_QUOTED_INCLUDE_IN_FRAMEWORK_HEADER = YES;
				CLANG_WARN_RANGE_LOOP_ANALYSIS = YES;
				CLANG_WARN_STRICT_PROTOTYPES = YES;
				CLANG_WARN_SUSPICIOUS_MOVE = YES;
				CLANG_WARN_UNGUARDED_AVAILABILITY = YES_AGGRESSIVE;
				CLANG_WARN_UNREACHABLE_CODE = YES;
				CLANG_WARN__DUPLICATE_METHOD_MATCH = YES;
				COPY_PHASE_STRIP = NO;
				DEBUG_INFORMATION_FORMAT = "dwarf-with-dsym";
				ENABLE_NS_ASSERTIONS = NO;
				ENABLE_STRICT_OBJC_MSGSEND = YES;
				GCC_C_LANGUAGE_STANDARD = gnu11;
				GCC_NO_COMMON_BLOCKS = YES;
				GCC_WARN_64_TO_32_BIT_CONVERSION = YES;
				GCC_WARN_ABOUT_RETURN_TYPE = YES_ERROR;
				GCC_WARN_UNDECLARED_SELECTOR = YES;
				GCC_WARN_UNINITIALIZED_AUTOS = YES_AGGRESSIVE;
				GCC_WARN_UNUSED_FUNCTION = YES;
				GCC_WARN_UNUSED_VARIABLE = YES;
				IPHONEOS_DEPLOYMENT_TARGET = 14.1;
				MTL_ENABLE_DEBUG_INFO = NO;
				MTL_FAST_MATH = YES;
				SDKROOT = iphoneos;
				VALIDATE_PRODUCT = YES;
			};
			name = Release;
		};
		911ADBA9255D49DC000EA851 /* Debug */ = {
			isa = XCBuildConfiguration;
			baseConfigurationReference = 2E5700BB074A4151F3FFDE19 /* Pods-JLLogDemo.debug.xcconfig */;
			buildSettings = {
				ASSETCATALOG_COMPILER_APPICON_NAME = AppIcon;
				ASSETCATALOG_COMPILER_GLOBAL_ACCENT_COLOR_NAME = AccentColor;
				CODE_SIGN_STYLE = Automatic;
				DEVELOPMENT_TEAM = BA6JPD8SYU;
				INFOPLIST_FILE = JLLogDemo/Info.plist;
				IPHONEOS_DEPLOYMENT_TARGET = 9.0;
				LD_RUNPATH_SEARCH_PATHS = (
					"$(inherited)",
					"@executable_path/Frameworks",
				);
				PRODUCT_BUNDLE_IDENTIFIER = JohnLyn.JLLogDemo;
				PRODUCT_NAME = "$(TARGET_NAME)";
				TARGETED_DEVICE_FAMILY = "1,2";
			};
			name = Debug;
		};
		911ADBAA255D49DC000EA851 /* Release */ = {
			isa = XCBuildConfiguration;
			baseConfigurationReference = BB2BA729CBEB43AA95D6B58E /* Pods-JLLogDemo.release.xcconfig */;
			buildSettings = {
				ASSETCATALOG_COMPILER_APPICON_NAME = AppIcon;
				ASSETCATALOG_COMPILER_GLOBAL_ACCENT_COLOR_NAME = AccentColor;
				CODE_SIGN_STYLE = Automatic;
				DEVELOPMENT_TEAM = BA6JPD8SYU;
				INFOPLIST_FILE = JLLogDemo/Info.plist;
				IPHONEOS_DEPLOYMENT_TARGET = 9.0;
				LD_RUNPATH_SEARCH_PATHS = (
					"$(inherited)",
					"@executable_path/Frameworks",
				);
				PRODUCT_BUNDLE_IDENTIFIER = JohnLyn.JLLogDemo;
				PRODUCT_NAME = "$(TARGET_NAME)";
				TARGETED_DEVICE_FAMILY = "1,2";
			};
			name = Release;
		};
		911ADBAC255D49DC000EA851 /* Debug */ = {
			isa = XCBuildConfiguration;
			baseConfigurationReference = B3FF6BB74FA5BD85B253C6EC /* Pods-JLLogDemoTests.debug.xcconfig */;
			buildSettings = {
				BUNDLE_LOADER = "$(TEST_HOST)";
				CODE_SIGN_STYLE = Automatic;
				DEVELOPMENT_TEAM = BA6JPD8SYU;
				INFOPLIST_FILE = JLLogDemoTests/Info.plist;
				IPHONEOS_DEPLOYMENT_TARGET = 14.1;
				LD_RUNPATH_SEARCH_PATHS = (
					"$(inherited)",
					"@executable_path/Frameworks",
					"@loader_path/Frameworks",
				);
				PRODUCT_BUNDLE_IDENTIFIER = JohnLyn.JLLogDemoTests;
				PRODUCT_NAME = "$(TARGET_NAME)";
				TARGETED_DEVICE_FAMILY = "1,2";
				TEST_HOST = "$(BUILT_PRODUCTS_DIR)/JLLogDemo.app/JLLogDemo";
			};
			name = Debug;
		};
		911ADBAD255D49DC000EA851 /* Release */ = {
			isa = XCBuildConfiguration;
			baseConfigurationReference = 6E181DDD87A0C97EBEAB4008 /* Pods-JLLogDemoTests.release.xcconfig */;
			buildSettings = {
				BUNDLE_LOADER = "$(TEST_HOST)";
				CODE_SIGN_STYLE = Automatic;
				DEVELOPMENT_TEAM = BA6JPD8SYU;
				INFOPLIST_FILE = JLLogDemoTests/Info.plist;
				IPHONEOS_DEPLOYMENT_TARGET = 14.1;
				LD_RUNPATH_SEARCH_PATHS = (
					"$(inherited)",
					"@executable_path/Frameworks",
					"@loader_path/Frameworks",
				);
				PRODUCT_BUNDLE_IDENTIFIER = JohnLyn.JLLogDemoTests;
				PRODUCT_NAME = "$(TARGET_NAME)";
				TARGETED_DEVICE_FAMILY = "1,2";
				TEST_HOST = "$(BUILT_PRODUCTS_DIR)/JLLogDemo.app/JLLogDemo";
			};
			name = Release;
		};
		911ADBAF255D49DC000EA851 /* Debug */ = {
			isa = XCBuildConfiguration;
			baseConfigurationReference = 9AF509A55EB8DF4CF14F27CF /* Pods-JLLogDemo-JLLogDemoUITests.debug.xcconfig */;
			buildSettings = {
				CODE_SIGN_STYLE = Automatic;
				DEVELOPMENT_TEAM = BA6JPD8SYU;
				INFOPLIST_FILE = JLLogDemoUITests/Info.plist;
				LD_RUNPATH_SEARCH_PATHS = (
					"$(inherited)",
					"@executable_path/Frameworks",
					"@loader_path/Frameworks",
				);
				PRODUCT_BUNDLE_IDENTIFIER = JohnLyn.JLLogDemoUITests;
				PRODUCT_NAME = "$(TARGET_NAME)";
				TARGETED_DEVICE_FAMILY = "1,2";
				TEST_TARGET_NAME = JLLogDemo;
			};
			name = Debug;
		};
		911ADBB0255D49DC000EA851 /* Release */ = {
			isa = XCBuildConfiguration;
			baseConfigurationReference = 1CBC69E54318EAE2D7F62365 /* Pods-JLLogDemo-JLLogDemoUITests.release.xcconfig */;
			buildSettings = {
				CODE_SIGN_STYLE = Automatic;
				DEVELOPMENT_TEAM = BA6JPD8SYU;
				INFOPLIST_FILE = JLLogDemoUITests/Info.plist;
				LD_RUNPATH_SEARCH_PATHS = (
					"$(inherited)",
					"@executable_path/Frameworks",
					"@loader_path/Frameworks",
				);
				PRODUCT_BUNDLE_IDENTIFIER = JohnLyn.JLLogDemoUITests;
				PRODUCT_NAME = "$(TARGET_NAME)";
				TARGETED_DEVICE_FAMILY = "1,2";
				TEST_TARGET_NAME = JLLogDemo;
			};
			name = Release;
		};
/* End XCBuildConfiguration section */

/* Begin XCConfigurationList section */
		911ADB74255D49DB000EA851 /* Build configuration list for PBXProject "JLLogDemo" */ = {
			isa = XCConfigurationList;
			buildConfigurations = (
				911ADBA6255D49DC000EA851 /* Debug */,
				911ADBA7255D49DC000EA851 /* Release */,
			);
			defaultConfigurationIsVisible = 0;
			defaultConfigurationName = Release;
		};
		911ADBA8255D49DC000EA851 /* Build configuration list for PBXNativeTarget "JLLogDemo" */ = {
			isa = XCConfigurationList;
			buildConfigurations = (
				911ADBA9255D49DC000EA851 /* Debug */,
				911ADBAA255D49DC000EA851 /* Release */,
			);
			defaultConfigurationIsVisible = 0;
			defaultConfigurationName = Release;
		};
		911ADBAB255D49DC000EA851 /* Build configuration list for PBXNativeTarget "JLLogDemoTests" */ = {
			isa = XCConfigurationList;
			buildConfigurations = (
				911ADBAC255D49DC000EA851 /* Debug */,
				911ADBAD255D49DC000EA851 /* Release */,
			);
			defaultConfigurationIsVisible = 0;
			defaultConfigurationName = Release;
		};
		911ADBAE255D49DC000EA851 /* Build configuration list for PBXNativeTarget "JLLogDemoUITests" */ = {
			isa = XCConfigurationList;
			buildConfigurations = (
				911ADBAF255D49DC000EA851 /* Debug */,
				911ADBB0255D49DC000EA851 /* Release */,
			);
			defaultConfigurationIsVisible = 0;
			defaultConfigurationName = Release;
		};
/* End XCConfigurationList section */
	};
	rootObject = 911ADB71255D49DB000EA851 /* Project object */;
}
